
Microsoft Visual Studio Solution File, Format Version 12.00
# Visual Studio Version 17
VisualStudioVersion = 17.5.002.0
MinimumVisualStudioVersion = 10.0.40219.1
Project("{9A19103F-16F7-4668-BE54-9A1E7A4F7556}") = "DesafioPOO", "DesafioPOO.csproj", "{0AAD77D8-0D74-4769-8C2C-D8BF6740ED83}"
EndProject
Global
	GlobalSection(SolutionConfigurationPlatforms) = preSolution
		Debug|Any CPU = Debug|Any CPU
		Release|Any CPU = Release|Any CPU
	EndGlobalSection
	GlobalSection(ProjectConfigurationPlatforms) = postSolution
		{0AAD77D8-0D74-4769-8C2C-D8BF6740ED83}.Debug|Any CPU.ActiveCfg = Debug|Any CPU
		{0AAD77D8-0D74-4769-8C2C-D8BF6740ED83}.Debug|Any CPU.Build.0 = Debug|Any CPU
		{0AAD77D8-0D74-4769-8C2C-D8BF6740ED83}.Release|Any CPU.ActiveCfg = Release|Any CPU
		{0AAD77D8-0D74-4769-8C2C-D8BF6740ED83}.Release|Any CPU.Build.0 = Release|Any CPU
	EndGlobalSection
	GlobalSection(SolutionProperties) = preSolution
		HideSolutionNode = FALSE
	EndGlobalSection
	GlobalSection(ExtensibilityGlobals) = postSolution
		SolutionGuid = {E4046194-DA4A-47E0-BA51-17CE657F7839}
	EndGlobalSection
EndGlobal
